
Microsoft Visual Studio Solution File, Format Version 12.00
# Visual Studio Version 17
VisualStudioVersion = 17.10.34928.147
MinimumVisualStudioVersion = 10.0.40219.1
Project("{FAE04EC0-301F-11D3-BF4B-00C04F79EFBC}") = "SD3_Tg_Bot", "SD3_Tg_Bot.csproj", "{ABCBD139-4146-45BF-8445-8B14D7D237BB}"
EndProject
Global
	GlobalSection(SolutionConfigurationPlatforms) = preSolution
		Debug|Any CPU = Debug|Any CPU
		Release|Any CPU = Release|Any CPU
	EndGlobalSection
	GlobalSection(ProjectConfigurationPlatforms) = postSolution
		{ABCBD139-4146-45BF-8445-8B14D7D237BB}.Debug|Any CPU.ActiveCfg = Debug|Any CPU
		{ABCBD139-4146-45BF-8445-8B14D7D237BB}.Debug|Any CPU.Build.0 = Debug|Any CPU
		{ABCBD139-4146-45BF-8445-8B14D7D237BB}.Release|Any CPU.ActiveCfg = Release|Any CPU
		{ABCBD139-4146-45BF-8445-8B14D7D237BB}.Release|Any CPU.Build.0 = Release|Any CPU
	EndGlobalSection
	GlobalSection(SolutionProperties) = preSolution
		HideSolutionNode = FALSE
	EndGlobalSection
	GlobalSection(ExtensibilityGlobals) = postSolution
		SolutionGuid = {FFF4F9EB-3851-40A5-81F1-92487FF9867A}
	EndGlobalSection
EndGlobal
